
Microsoft Visual Studio Solution File, Format Version 12.00
# Visual Studio Version 16
VisualStudioVersion = 16.0.30717.126
MinimumVisualStudioVersion = 10.0.40219.1
Project("{FAE04EC0-301F-11D3-BF4B-00C04F79EFBC}") = "Dashboard", "Dashboard\Dashboard.csproj", "{5871C69C-B2E2-46A4-A15A-04C5130AC8ED}"
EndProject
Global
	GlobalSection(SolutionConfigurationPlatforms) = preSolution
		Debug|Any CPU = Debug|Any CPU
		Release|Any CPU = Release|Any CPU
	EndGlobalSection
	GlobalSection(ProjectConfigurationPlatforms) = postSolution
		{5871C69C-B2E2-46A4-A15A-04C5130AC8ED}.Debug|Any CPU.ActiveCfg = Debug|Any CPU
		{5871C69C-B2E2-46A4-A15A-04C5130AC8ED}.Debug|Any CPU.Build.0 = Debug|Any CPU
		{5871C69C-B2E2-46A4-A15A-04C5130AC8ED}.Release|Any CPU.ActiveCfg = Release|Any CPU
		{5871C69C-B2E2-46A4-A15A-04C5130AC8ED}.Release|Any CPU.Build.0 = Release|Any CPU
	EndGlobalSection
	GlobalSection(SolutionProperties) = preSolution
		HideSolutionNode = FALSE
	EndGlobalSection
	GlobalSection(ExtensibilityGlobals) = postSolution
		SolutionGuid = {D39BAEBA-46D1-453D-9ED1-78D4B6C445DA}
	EndGlobalSection
EndGlobal
